
Microsoft Visual Studio Solution File, Format Version 12.00
# Visual Studio Version 16
VisualStudioVersion = 16.0.31624.102
MinimumVisualStudioVersion = 10.0.40219.1
Project("{FAE04EC0-301F-11D3-BF4B-00C04F79EFBC}") = "BlazorWallet", "BlazorWallet\BlazorWallet.csproj", "{AA133ECE-E6EF-425A-9B35-315AB779287C}"
EndProject
Global
	GlobalSection(SolutionConfigurationPlatforms) = preSolution
		Debug|Any CPU = Debug|Any CPU
		Release|Any CPU = Release|Any CPU
	EndGlobalSection
	GlobalSection(ProjectConfigurationPlatforms) = postSolution
		{AA133ECE-E6EF-425A-9B35-315AB779287C}.Debug|Any CPU.ActiveCfg = Debug|Any CPU
		{AA133ECE-E6EF-425A-9B35-315AB779287C}.Debug|Any CPU.Build.0 = Debug|Any CPU
		{AA133ECE-E6EF-425A-9B35-315AB779287C}.Release|Any CPU.ActiveCfg = Release|Any CPU
		{AA133ECE-E6EF-425A-9B35-315AB779287C}.Release|Any CPU.Build.0 = Release|Any CPU
	EndGlobalSection
	GlobalSection(SolutionProperties) = preSolution
		HideSolutionNode = FALSE
	EndGlobalSection
	GlobalSection(ExtensibilityGlobals) = postSolution
		SolutionGuid = {1DBC27D9-1648-446F-AAFE-186F883FD759}
	EndGlobalSection
EndGlobal
